PODS:
  - AFNetworking (3.2.0):
    - AFNetworking/NSURLSession (= 3.2.0)
    - AFNetworking/Reachability (= 3.2.0)
    - AFNetworking/Security (= 3.2.0)
    - AFNetworking/Serialization (= 3.2.0)
    - AFNetworking/UIKit (= 3.2.0)
  - AFNetworking/NSURLSession (3.2.0):
    - AFNetworking/Reachability
    - AFNetworking/Security
    - AFNetworking/Serialization
  - AFNetworking/Reachability (3.2.0)
  - AFNetworking/Security (3.2.0)
  - AFNetworking/Serialization (3.2.0)
  - AFNetworking/UIKit (3.2.0):
    - AFNetworking/NSURLSession
  - PromiseKit (6.2.1):
    - PromiseKit/CorePromise (= 6.2.1)
    - PromiseKit/Foundation (= 6.2.1)
    - PromiseKit/UIKit (= 6.2.1)
  - PromiseKit/CorePromise (6.2.1)
  - PromiseKit/Foundation (6.2.1):
    - PromiseKit/CorePromise
  - PromiseKit/UIKit (6.2.1):
    - PromiseKit/CorePromise
  - SDWebImage (4.3.3):
    - SDWebImage/Core (= 4.3.3)
  - SDWebImage/Core (4.3.3)

DEPENDENCIES:
  - AFNetworking (~> 3.0)
  - PromiseKit (~> 6.0)
  - PromiseKit/Foundation
  - SDWebImage (~> 4.0)

SPEC CHECKSUMS:
  AFNetworking: 8ac6017b94ea105479f7776e5288e48ae9c59bb4
  PromiseKit: edaca6f0a7ed73b08c287600537d13867a7fabc7
  SDWebImage: de4d90b5bff3571eae7bd16202b1f43135409fa5

PODFILE CHECKSUM: 1a640c6f61148a2405040527d4d6e92d299a5252

COCOAPODS: 1.4.0
